
Microsoft Visual Studio Solution File, Format Version 12.00
# Visual Studio Version 17
VisualStudioVersion = 17.10.35004.147
MinimumVisualStudioVersion = 10.0.40219.1
Project("{9A19103F-16F7-4668-BE54-9A1E7A4F7556}") = "CustomerInfo", "EmployeeAdminPortal3\CustomerInfo.csproj", "{C358BF17-7634-4970-BE73-B87B5DFAC3DC}"
EndProject
Global
	GlobalSection(SolutionConfigurationPlatforms) = preSolution
		Debug|Any CPU = Debug|Any CPU
		Release|Any CPU = Release|Any CPU
	EndGlobalSection
	GlobalSection(ProjectConfigurationPlatforms) = postSolution
		{C358BF17-7634-4970-BE73-B87B5DFAC3DC}.Debug|Any CPU.ActiveCfg = Debug|Any CPU
		{C358BF17-7634-4970-BE73-B87B5DFAC3DC}.Debug|Any CPU.Build.0 = Debug|Any CPU
		{C358BF17-7634-4970-BE73-B87B5DFAC3DC}.Release|Any CPU.ActiveCfg = Release|Any CPU
		{C358BF17-7634-4970-BE73-B87B5DFAC3DC}.Release|Any CPU.Build.0 = Release|Any CPU
	EndGlobalSection
	GlobalSection(SolutionProperties) = preSolution
		HideSolutionNode = FALSE
	EndGlobalSection
	GlobalSection(ExtensibilityGlobals) = postSolution
		SolutionGuid = {413635C1-AFB2-42B8-83E0-7F86F2005E09}
	EndGlobalSection
EndGlobal
